
Microsoft Visual Studio Solution File, Format Version 12.00
# Visual Studio 2012
Project("{FAE04EC0-301F-11D3-BF4B-00C04F79EFBC}") = "Kattis", "Kattis\Kattis.csproj", "{5AA3E409-A1B1-4469-8754-ACAF4CF168B9}"
EndProject
Global
	GlobalSection(SolutionConfigurationPlatforms) = preSolution
		Debug|Any CPU = Debug|Any CPU
		Release|Any CPU = Release|Any CPU
	EndGlobalSection
	GlobalSection(ProjectConfigurationPlatforms) = postSolution
		{5AA3E409-A1B1-4469-8754-ACAF4CF168B9}.Debug|Any CPU.ActiveCfg = Debug|Any CPU
		{5AA3E409-A1B1-4469-8754-ACAF4CF168B9}.Debug|Any CPU.Build.0 = Debug|Any CPU
		{5AA3E409-A1B1-4469-8754-ACAF4CF168B9}.Release|Any CPU.ActiveCfg = Release|Any CPU
		{5AA3E409-A1B1-4469-8754-ACAF4CF168B9}.Release|Any CPU.Build.0 = Release|Any CPU
	EndGlobalSection
EndGlobal
